// !$*UTF8*$!
{
	archiveVersion = 1;
	classes = {
	};
	objectVersion = 77;
	objects = {

/* Begin PBXBuildFile section */
		0576E161305584B400D12FAE /* MultiGraphicsKit.swift in Sources */ = {isa = PBXBuildFile; fileRef = 0576E15F305584B400D12FAE /* MultiGraphicsKit.swift */; };
		0576E165305584E400D12FAE /* MultiDataKit.xcframework in Frameworks */ = {isa = PBXBuildFile; fileRef = 0576E163305584E400D12FAE /* MultiDataKit.xcframework */; };
		0576E167305584E400D12FAE /* MultiUIKit.xcframework in Frameworks */ = {isa = PBXBuildFile; fileRef = 0576E164305584E400D12FAE /* MultiUIKit.xcframework */; };
		0576E1793055862F00D12FAE /* MultiDataKit.xcframework in Frameworks */ = {isa = PBXBuildFile; fileRef = 0576E163305584E400D12FAE /* MultiDataKit.xcframework */; };
		0576E17A3055862F00D12FAE /* MultiDataKit.xcframework in Embed Frameworks */ = {isa = PBXBuildFile; fileRef = 0576E163305584E400D12FAE /* MultiDataKit.xcframework */; settings = {ATTRIBUTES = (CodeSignOnCopy, RemoveHeadersOnCopy, ); }; };
		0576E17B3055862F00D12FAE /* MultiUIKit.xcframework in Frameworks */ = {isa = PBXBuildFile; fileRef = 0576E164305584E400D12FAE /* MultiUIKit.xcframework */; };
		0576E17C3055862F00D12FAE /* MultiUIKit.xcframework in Embed Frameworks */ = {isa = PBXBuildFile; fileRef = 0576E164305584E400D12FAE /* MultiUIKit.xcframework */; settings = {ATTRIBUTES = (CodeSignOnCopy, RemoveHeadersOnCopy, ); }; };
		05CEE36030560CCC00E42808 /* MIMetalCoreView.swift in Sources */ = {isa = PBXBuildFile; fileRef = 05CEE35F30560CCC00E42808 /* MIMetalCoreView.swift */; };
		05CEE36130560CCC00E42808 /* MIMetalCoreView.swift in Sources */ = {isa = PBXBuildFile; fileRef = 05CEE35F30560CCC00E42808 /* MIMetalCoreView.swift */; };
/* End PBXBuildFile section */

/* Begin PBXContainerItemProxy section */
		053DBB57305588C500795D65 /* PBXContainerItemProxy */ = {
			isa = PBXContainerItemProxy;
			containerPortal = 0513328C3055848B00C902D2 /* Project object */;
			proxyType = 1;
			remoteGlobalIDString = 0576E16F305585BA00D12FAE;
			remoteInfo = MultiGraphicsKit_iOS;
		};
		053DBB59305588C500795D65 /* PBXContainerItemProxy */ = {
			isa = PBXContainerItemProxy;
			containerPortal = 0513328C3055848B00C902D2 /* Project object */;
			proxyType = 1;
			remoteGlobalIDString = 051332943055848B00C902D2;
			remoteInfo = MultiGraphicsKit_macOS;
		};
		053DBB6E30560B6F00795D65 /* PBXContainerItemProxy */ = {
			isa = PBXContainerItemProxy;
			containerPortal = 0513328C3055848B00C902D2 /* Project object */;
			proxyType = 1;
			remoteGlobalIDString = 053DBB53305588BB00795D65;
			remoteInfo = Install;
		};
/* End PBXContainerItemProxy section */

/* Begin PBXCopyFilesBuildPhase section */
		0576E17D3055862F00D12FAE /* Embed Frameworks */ = {
			isa = PBXCopyFilesBuildPhase;
			buildActionMask = 2147483647;
			dstPath = "";
			dstSubfolderSpec = 10;
			files = (
				0576E17C3055862F00D12FAE /* MultiUIKit.xcframework in Embed Frameworks */,
				0576E17A3055862F00D12FAE /* MultiDataKit.xcframework in Embed Frameworks */,
			);
			name = "Embed Frameworks";
			runOnlyForDeploymentPostprocessing = 0;
		};
/* End PBXCopyFilesBuildPhase section */

/* Begin PBXFileReference section */
		051332953055848B00C902D2 /* MultiGraphicsKit.framework */ = {isa = PBXFileReference; explicitFileType = wrapper.framework; includeInIndex = 0; path = MultiGraphicsKit.framework; sourceTree = BUILT_PRODUCTS_DIR; };
		053DBB6030560B5900795D65 /* DrawTriangle.app */ = {isa = PBXFileReference; explicitFileType = wrapper.application; includeInIndex = 0; path = DrawTriangle.app; sourceTree = BUILT_PRODUCTS_DIR; };
		0576E15F305584B400D12FAE /* MultiGraphicsKit.swift */ = {isa = PBXFileReference; lastKnownFileType = sourcecode.swift; path = MultiGraphicsKit.swift; sourceTree = "<group>"; };
		0576E163305584E400D12FAE /* MultiDataKit.xcframework */ = {isa = PBXFileReference; lastKnownFileType = wrapper.xcframework; name = MultiDataKit.xcframework; path = ../../../Library/Frameworks/MultiDataKit.xcframework; sourceTree = "<group>"; };
		0576E164305584E400D12FAE /* MultiUIKit.xcframework */ = {isa = PBXFileReference; lastKnownFileType = wrapper.xcframework; name = MultiUIKit.xcframework; path = ../../../Library/Frameworks/MultiUIKit.xcframework; sourceTree = "<group>"; };
		0576E170305585BA00D12FAE /* MultiGraphicsKit.framework */ = {isa = PBXFileReference; explicitFileType = wrapper.framework; includeInIndex = 0; path = MultiGraphicsKit.framework; sourceTree = BUILT_PRODUCTS_DIR; };
		05CEE35F30560CCC00E42808 /* MIMetalCoreView.swift */ = {isa = PBXFileReference; lastKnownFileType = sourcecode.swift; path = MIMetalCoreView.swift; sourceTree = "<group>"; };
/* End PBXFileReference section */

/* Begin PBXFileSystemSynchronizedRootGroup section */
		051332973055848B00C902D2 /* MultiGraphicsKit_macOS */ = {
			isa = PBXFileSystemSynchronizedRootGroup;
			path = MultiGraphicsKit_macOS;
			sourceTree = "<group>";
		};
		053DBB6130560B5900795D65 /* DrawTriangle */ = {
			isa = PBXFileSystemSynchronizedRootGroup;
			path = DrawTriangle;
			sourceTree = "<group>";
		};
		0576E171305585BA00D12FAE /* MultiGraphicsKit_iOS */ = {
			isa = PBXFileSystemSynchronizedRootGroup;
			path = MultiGraphicsKit_iOS;
			sourceTree = "<group>";
		};
/* End PBXFileSystemSynchronizedRootGroup section */

/* Begin PBXFrameworksBuildPhase section */
		051332923055848B00C902D2 /* Frameworks */ = {
			isa = PBXFrameworksBuildPhase;
			buildActionMask = 2147483647;
			files = (
				0576E167305584E400D12FAE /* MultiUIKit.xcframework in Frameworks */,
				0576E165305584E400D12FAE /* MultiDataKit.xcframework in Frameworks */,
			);
			runOnlyForDeploymentPostprocessing = 0;
		};
		053DBB5D30560B5900795D65 /* Frameworks */ = {
			isa = PBXFrameworksBuildPhase;
			buildActionMask = 2147483647;
			files = (
			);
			runOnlyForDeploymentPostprocessing = 0;
		};
		0576E16D305585BA00D12FAE /* Frameworks */ = {
			isa = PBXFrameworksBuildPhase;
			buildActionMask = 2147483647;
			files = (
				0576E17B3055862F00D12FAE /* MultiUIKit.xcframework in Frameworks */,
				0576E1793055862F00D12FAE /* MultiDataKit.xcframework in Frameworks */,
			);
			runOnlyForDeploymentPostprocessing = 0;
		};
/* End PBXFrameworksBuildPhase section */

/* Begin PBXGroup section */
		0513328B3055848B00C902D2 = {
			isa = PBXGroup;
			children = (
				0576E16A3055850700D12FAE /* Source */,
				053DBB5B30560AF800795D65 /* Test */,
				051332973055848B00C902D2 /* MultiGraphicsKit_macOS */,
				0576E171305585BA00D12FAE /* MultiGraphicsKit_iOS */,
				0576E162305584E400D12FAE /* Frameworks */,
				051332963055848B00C902D2 /* Products */,
			);
			sourceTree = "<group>";
		};
		051332963055848B00C902D2 /* Products */ = {
			isa = PBXGroup;
			children = (
				051332953055848B00C902D2 /* MultiGraphicsKit.framework */,
				0576E170305585BA00D12FAE /* MultiGraphicsKit.framework */,
				053DBB6030560B5900795D65 /* DrawTriangle.app */,
			);
			name = Products;
			sourceTree = "<group>";
		};
		053DBB5B30560AF800795D65 /* Test */ = {
			isa = PBXGroup;
			children = (
				053DBB6130560B5900795D65 /* DrawTriangle */,
			);
			name = Test;
			path = ../Test;
			sourceTree = "<group>";
		};
		053DBB8D30560C5000795D65 /* Base */ = {
			isa = PBXGroup;
			children = (
				05CEE35F30560CCC00E42808 /* MIMetalCoreView.swift */,
			);
			path = Base;
			sourceTree = "<group>";
		};
		0576E162305584E400D12FAE /* Frameworks */ = {
			isa = PBXGroup;
			children = (
				0576E163305584E400D12FAE /* MultiDataKit.xcframework */,
				0576E164305584E400D12FAE /* MultiUIKit.xcframework */,
			);
			name = Frameworks;
			sourceTree = "<group>";
		};
		0576E16A3055850700D12FAE /* Source */ = {
			isa = PBXGroup;
			children = (
				053DBB8D30560C5000795D65 /* Base */,
				0576E15F305584B400D12FAE /* MultiGraphicsKit.swift */,
			);
			name = Source;
			path = ../Source;
			sourceTree = "<group>";
		};
/* End PBXGroup section */

/* Begin PBXHeadersBuildPhase section */
		051332903055848B00C902D2 /* Headers */ = {
			isa = PBXHeadersBuildPhase;
			buildActionMask = 2147483647;
			files = (
			);
			runOnlyForDeploymentPostprocessing = 0;
		};
		0576E16B305585BA00D12FAE /* Headers */ = {
			isa = PBXHeadersBuildPhase;
			buildActionMask = 2147483647;
			files = (
			);
			runOnlyForDeploymentPostprocessing = 0;
		};
/* End PBXHeadersBuildPhase section */

/* Begin PBXLegacyTarget section */
		053DBB53305588BB00795D65 /* Install */ = {
			isa = PBXLegacyTarget;
			buildArgumentsString = "-f ../Script/Install.mk";
			buildConfigurationList = 053DBB54305588BB00795D65 /* Build configuration list for PBXLegacyTarget "Install" */;
			buildPhases = (
			);
			buildToolPath = /usr/bin/make;
			buildWorkingDirectory = "";
			dependencies = (
				053DBB58305588C500795D65 /* PBXTargetDependency */,
				053DBB5A305588C500795D65 /* PBXTargetDependency */,
			);
			name = Install;
			packageProductDependencies = (
			);
			passBuildSettingsInEnvironment = 1;
			productName = Install;
		};
/* End PBXLegacyTarget section */

/* Begin PBXNativeTarget section */
		051332943055848B00C902D2 /* MultiGraphicsKit_macOS */ = {
			isa = PBXNativeTarget;
			buildConfigurationList = 0513329E3055848B00C902D2 /* Build configuration list for PBXNativeTarget "MultiGraphicsKit_macOS" */;
			buildPhases = (
				051332903055848B00C902D2 /* Headers */,
				051332913055848B00C902D2 /* Sources */,
				051332923055848B00C902D2 /* Frameworks */,
				051332933055848B00C902D2 /* Resources */,
			);
			buildRules = (
			);
			dependencies = (
			);
			fileSystemSynchronizedGroups = (
				051332973055848B00C902D2 /* MultiGraphicsKit_macOS */,
			);
			name = MultiGraphicsKit_macOS;
			packageProductDependencies = (
			);
			productName = MultiGraphicsKit;
			productReference = 051332953055848B00C902D2 /* MultiGraphicsKit.framework */;
			productType = "com.apple.product-type.framework";
		};
		053DBB5F30560B5900795D65 /* DrawTriangle */ = {
			isa = PBXNativeTarget;
			buildConfigurationList = 053DBB6B30560B5B00795D65 /* Build configuration list for PBXNativeTarget "DrawTriangle" */;
			buildPhases = (
				053DBB5C30560B5900795D65 /* Sources */,
				053DBB5D30560B5900795D65 /* Frameworks */,
				053DBB5E30560B5900795D65 /* Resources */,
			);
			buildRules = (
			);
			dependencies = (
				053DBB6F30560B6F00795D65 /* PBXTargetDependency */,
			);
			fileSystemSynchronizedGroups = (
				053DBB6130560B5900795D65 /* DrawTriangle */,
			);
			name = DrawTriangle;
			packageProductDependencies = (
			);
			productName = DrawTriangle;
			productReference = 053DBB6030560B5900795D65 /* DrawTriangle.app */;
			productType = "com.apple.product-type.application";
		};
		0576E16F305585BA00D12FAE /* MultiGraphicsKit_iOS */ = {
			isa = PBXNativeTarget;
			buildConfigurationList = 0576E176305585BA00D12FAE /* Build configuration list for PBXNativeTarget "MultiGraphicsKit_iOS" */;
			buildPhases = (
				0576E16B305585BA00D12FAE /* Headers */,
				0576E16C305585BA00D12FAE /* Sources */,
				0576E16D305585BA00D12FAE /* Frameworks */,
				0576E16E305585BA00D12FAE /* Resources */,
				0576E17D3055862F00D12FAE /* Embed Frameworks */,
			);
			buildRules = (
			);
			dependencies = (
			);
			fileSystemSynchronizedGroups = (
				0576E171305585BA00D12FAE /* MultiGraphicsKit_iOS */,
			);
			name = MultiGraphicsKit_iOS;
			packageProductDependencies = (
			);
			productName = MultiGraphicsKit_iOS;
			productReference = 0576E170305585BA00D12FAE /* MultiGraphicsKit.framework */;
			productType = "com.apple.product-type.framework";
		};
/* End PBXNativeTarget section */

/* Begin PBXProject section */
		0513328C3055848B00C902D2 /* Project object */ = {
			isa = PBXProject;
			attributes = {
				BuildIndependentTargetsInParallel = 1;
				LastSwiftUpdateCheck = 2660;
				LastUpgradeCheck = 2660;
				TargetAttributes = {
					051332943055848B00C902D2 = {
						CreatedOnToolsVersion = 26.6;
					};
					053DBB53305588BB00795D65 = {
						CreatedOnToolsVersion = 26.6;
					};
					053DBB5F30560B5900795D65 = {
						CreatedOnToolsVersion = 26.6;
					};
					0576E16F305585BA00D12FAE = {
						CreatedOnToolsVersion = 26.6;
					};
				};
			};
			buildConfigurationList = 0513328F3055848B00C902D2 /* Build configuration list for PBXProject "MultiGraphicsKit" */;
			developmentRegion = en;
			hasScannedForEncodings = 0;
			knownRegions = (
				en,
				Base,
			);
			mainGroup = 0513328B3055848B00C902D2;
			minimizedProjectReferenceProxies = 1;
			preferredProjectObjectVersion = 77;
			productRefGroup = 051332963055848B00C902D2 /* Products */;
			projectDirPath = "";
			projectRoot = "";
			targets = (
				051332943055848B00C902D2 /* MultiGraphicsKit_macOS */,
				0576E16F305585BA00D12FAE /* MultiGraphicsKit_iOS */,
				053DBB53305588BB00795D65 /* Install */,
				053DBB5F30560B5900795D65 /* DrawTriangle */,
			);
		};
/* End PBXProject section */

/* Begin PBXResourcesBuildPhase section */
		051332933055848B00C902D2 /* Resources */ = {
			isa = PBXResourcesBuildPhase;
			buildActionMask = 2147483647;
			files = (
			);
			runOnlyForDeploymentPostprocessing = 0;
		};
		053DBB5E30560B5900795D65 /* Resources */ = {
			isa = PBXResourcesBuildPhase;
			buildActionMask = 2147483647;
			files = (
			);
			runOnlyForDeploymentPostprocessing = 0;
		};
		0576E16E305585BA00D12FAE /* Resources */ = {
			isa = PBXResourcesBuildPhase;
			buildActionMask = 2147483647;
			files = (
			);
			runOnlyForDeploymentPostprocessing = 0;
		};
/* End PBXResourcesBuildPhase section */

/* Begin PBXSourcesBuildPhase section */
		051332913055848B00C902D2 /* Sources */ = {
			isa = PBXSourcesBuildPhase;
			buildActionMask = 2147483647;
			files = (
				05CEE36030560CCC00E42808 /* MIMetalCoreView.swift in Sources */,
				0576E161305584B400D12FAE /* MultiGraphicsKit.swift in Sources */,
			);
			runOnlyForDeploymentPostprocessing = 0;
		};
		053DBB5C30560B5900795D65 /* Sources */ = {
			isa = PBXSourcesBuildPhase;
			buildActionMask = 2147483647;
			files = (
			);
			runOnlyForDeploymentPostprocessing = 0;
		};
		0576E16C305585BA00D12FAE /* Sources */ = {
			isa = PBXSourcesBuildPhase;
			buildActionMask = 2147483647;
			files = (
				05CEE36130560CCC00E42808 /* MIMetalCoreView.swift in Sources */,
			);
			runOnlyForDeploymentPostprocessing = 0;
		};
/* End PBXSourcesBuildPhase section */

/* Begin PBXTargetDependency section */
		053DBB58305588C500795D65 /* PBXTargetDependency */ = {
			isa = PBXTargetDependency;
			target = 0576E16F305585BA00D12FAE /* MultiGraphicsKit_iOS */;
			targetProxy = 053DBB57305588C500795D65 /* PBXContainerItemProxy */;
		};
		053DBB5A305588C500795D65 /* PBXTargetDependency */ = {
			isa = PBXTargetDependency;
			target = 051332943055848B00C902D2 /* MultiGraphicsKit_macOS */;
			targetProxy = 053DBB59305588C500795D65 /* PBXContainerItemProxy */;
		};
		053DBB6F30560B6F00795D65 /* PBXTargetDependency */ = {
			isa = PBXTargetDependency;
			target = 053DBB53305588BB00795D65 /* Install */;
			targetProxy = 053DBB6E30560B6F00795D65 /* PBXContainerItemProxy */;
		};
/* End PBXTargetDependency section */

/* Begin XCBuildConfiguration section */
		0513329C3055848B00C902D2 /* Debug */ = {
			isa = XCBuildConfiguration;
			buildSettings = {
				ALWAYS_SEARCH_USER_PATHS = NO;
				ASSETCATALOG_COMPILER_GENERATE_SWIFT_ASSET_SYMBOL_EXTENSIONS = YES;
				CLANG_ANALYZER_NONNULL = YES;
				CLANG_ANALYZER_NUMBER_OBJECT_CONVERSION = YES_AGGRESSIVE;
				CLANG_CXX_LANGUAGE_STANDARD = "gnu++20";
				CLANG_ENABLE_MODULES = YES;
				CLANG_ENABLE_OBJC_ARC = YES;
				CLANG_ENABLE_OBJC_WEAK = YES;
				CLANG_WARN_BLOCK_CAPTURE_AUTORELEASING = YES;
				CLANG_WARN_BOOL_CONVERSION = YES;
				CLANG_WARN_COMMA = YES;
				CLANG_WARN_CONSTANT_CONVERSION = YES;
				CLANG_WARN_DEPRECATED_OBJC_IMPLEMENTATIONS = YES;
				CLANG_WARN_DIRECT_OBJC_ISA_USAGE = YES_ERROR;
				CLANG_WARN_DOCUMENTATION_COMMENTS = YES;
				CLANG_WARN_EMPTY_BODY = YES;
				CLANG_WARN_ENUM_CONVERSION = YES;
				CLANG_WARN_INFINITE_RECURSION = YES;
				CLANG_WARN_INT_CONVERSION = YES;
				CLANG_WARN_NON_LITERAL_NULL_CONVERSION = YES;
				CLANG_WARN_OBJC_IMPLICIT_RETAIN_SELF = YES;
				CLANG_WARN_OBJC_LITERAL_CONVERSION = YES;
				CLANG_WARN_OBJC_ROOT_CLASS = YES_ERROR;
				CLANG_WARN_QUOTED_INCLUDE_IN_FRAMEWORK_HEADER = YES;
				CLANG_WARN_RANGE_LOOP_ANALYSIS = YES;
				CLANG_WARN_STRICT_PROTOTYPES = YES;
				CLANG_WARN_SUSPICIOUS_MOVE = YES;
				CLANG_WARN_UNGUARDED_AVAILABILITY = YES_AGGRESSIVE;
				CLANG_WARN_UNREACHABLE_CODE = YES;
				CLANG_WARN__DUPLICATE_METHOD_MATCH = YES;
				COPY_PHASE_STRIP = NO;
				CURRENT_PROJECT_VERSION = 1;
				DEBUG_INFORMATION_FORMAT = dwarf;
				DEVELOPMENT_TEAM = TR2DNF3P93;
				ENABLE_STRICT_OBJC_MSGSEND = YES;
				ENABLE_TESTABILITY = YES;
				ENABLE_USER_SCRIPT_SANDBOXING = YES;
				GCC_C_LANGUAGE_STANDARD = gnu17;
				GCC_DYNAMIC_NO_PIC = NO;
				GCC_NO_COMMON_BLOCKS = YES;
				GCC_OPTIMIZATION_LEVEL = 0;
				GCC_PREPROCESSOR_DEFINITIONS = (
					"DEBUG=1",
					"$(inherited)",
				);
				GCC_WARN_64_TO_32_BIT_CONVERSION = YES;
				GCC_WARN_ABOUT_RETURN_TYPE = YES_ERROR;
				GCC_WARN_UNDECLARED_SELECTOR = YES;
				GCC_WARN_UNINITIALIZED_AUTOS = YES_AGGRESSIVE;
				GCC_WARN_UNUSED_FUNCTION = YES;
				GCC_WARN_UNUSED_VARIABLE = YES;
				LOCALIZATION_PREFERS_STRING_CATALOGS = YES;
				MACOSX_DEPLOYMENT_TARGET = 26.5;
				MTL_ENABLE_DEBUG_INFO = INCLUDE_SOURCE;
				MTL_FAST_MATH = YES;
				ONLY_ACTIVE_ARCH = YES;
				SDKROOT = macosx;
				SWIFT_ACTIVE_COMPILATION_CONDITIONS = "DEBUG $(inherited)";
				SWIFT_OPTIMIZATION_LEVEL = "-Onone";
				VERSIONING_SYSTEM = "apple-generic";
				VERSION_INFO_PREFIX = "";
			};
			name = Debug;
		};
		0513329D3055848B00C902D2 /* Release */ = {
			isa = XCBuildConfiguration;
			buildSettings = {
				ALWAYS_SEARCH_USER_PATHS = NO;
				ASSETCATALOG_COMPILER_GENERATE_SWIFT_ASSET_SYMBOL_EXTENSIONS = YES;
				CLANG_ANALYZER_NONNULL = YES;
				CLANG_ANALYZER_NUMBER_OBJECT_CONVERSION = YES_AGGRESSIVE;
				CLANG_CXX_LANGUAGE_STANDARD = "gnu++20";
				CLANG_ENABLE_MODULES = YES;
				CLANG_ENABLE_OBJC_ARC = YES;
				CLANG_ENABLE_OBJC_WEAK = YES;
				CLANG_WARN_BLOCK_CAPTURE_AUTORELEASING = YES;
				CLANG_WARN_BOOL_CONVERSION = YES;
				CLANG_WARN_COMMA = YES;
				CLANG_WARN_CONSTANT_CONVERSION = YES;
				CLANG_WARN_DEPRECATED_OBJC_IMPLEMENTATIONS = YES;
				CLANG_WARN_DIRECT_OBJC_ISA_USAGE = YES_ERROR;
				CLANG_WARN_DOCUMENTATION_COMMENTS = YES;
				CLANG_WARN_EMPTY_BODY = YES;
				CLANG_WARN_ENUM_CONVERSION = YES;
				CLANG_WARN_INFINITE_RECURSION = YES;
				CLANG_WARN_INT_CONVERSION = YES;
				CLANG_WARN_NON_LITERAL_NULL_CONVERSION = YES;
				CLANG_WARN_OBJC_IMPLICIT_RETAIN_SELF = YES;
				CLANG_WARN_OBJC_LITERAL_CONVERSION = YES;
				CLANG_WARN_OBJC_ROOT_CLASS = YES_ERROR;
				CLANG_WARN_QUOTED_INCLUDE_IN_FRAMEWORK_HEADER = YES;
				CLANG_WARN_RANGE_LOOP_ANALYSIS = YES;
				CLANG_WARN_STRICT_PROTOTYPES = YES;
				CLANG_WARN_SUSPICIOUS_MOVE = YES;
				CLANG_WARN_UNGUARDED_AVAILABILITY = YES_AGGRESSIVE;
				CLANG_WARN_UNREACHABLE_CODE = YES;
				CLANG_WARN__DUPLICATE_METHOD_MATCH = YES;
				COPY_PHASE_STRIP = NO;
				CURRENT_PROJECT_VERSION = 1;
				DEBUG_INFORMATION_FORMAT = "dwarf-with-dsym";
				DEVELOPMENT_TEAM = TR2DNF3P93;
				ENABLE_NS_ASSERTIONS = NO;
				ENABLE_STRICT_OBJC_MSGSEND = YES;
				ENABLE_USER_SCRIPT_SANDBOXING = YES;
				GCC_C_LANGUAGE_STANDARD = gnu17;
				GCC_NO_COMMON_BLOCKS = YES;
				GCC_WARN_64_TO_32_BIT_CONVERSION = YES;
				GCC_WARN_ABOUT_RETURN_TYPE = YES_ERROR;
				GCC_WARN_UNDECLARED_SELECTOR = YES;
				GCC_WARN_UNINITIALIZED_AUTOS = YES_AGGRESSIVE;
				GCC_WARN_UNUSED_FUNCTION = YES;
				GCC_WARN_UNUSED_VARIABLE = YES;
				LOCALIZATION_PREFERS_STRING_CATALOGS = YES;
				MACOSX_DEPLOYMENT_TARGET = 26.5;
				MTL_ENABLE_DEBUG_INFO = NO;
				MTL_FAST_MATH = YES;
				SDKROOT = macosx;
				SWIFT_COMPILATION_MODE = wholemodule;
				VERSIONING_SYSTEM = "apple-generic";
				VERSION_INFO_PREFIX = "";
			};
			name = Release;
		};
		0513329F3055848B00C902D2 /* Debug */ = {
			isa = XCBuildConfiguration;
			buildSettings = {
				BUILD_LIBRARY_FOR_DISTRIBUTION = YES;
				CODE_SIGN_STYLE = Automatic;
				COMBINE_HIDPI_IMAGES = YES;
				CURRENT_PROJECT_VERSION = 1;
				DEVELOPMENT_TEAM = TR2DNF3P93;
				DYLIB_COMPATIBILITY_VERSION = 1;
				DYLIB_CURRENT_VERSION = 1;
				DYLIB_INSTALL_NAME_BASE = "@rpath";
				ENABLE_MODULE_VERIFIER = YES;
				GENERATE_INFOPLIST_FILE = YES;
				INFOPLIST_KEY_NSHumanReadableCopyright = "";
				INSTALL_PATH = "$(HOME)/Library/Frameworks";
				LD_RUNPATH_SEARCH_PATHS = (
					"$(inherited)",
					"@executable_path/../Frameworks",
					"@loader_path/Frameworks",
				);
				MARKETING_VERSION = 1.0;
				MODULE_VERIFIER_SUPPORTED_LANGUAGES = "objective-c objective-c++";
				MODULE_VERIFIER_SUPPORTED_LANGUAGE_STANDARDS = "gnu17 gnu++20";
				PRODUCT_BUNDLE_IDENTIFIER = "com.github.steel-wheels.MultiGraphicsKit.MultiGraphicsKit";
				PRODUCT_NAME = MultiGraphicsKit;
				SKIP_INSTALL = YES;
				STRING_CATALOG_GENERATE_SYMBOLS = YES;
				SWIFT_APPROACHABLE_CONCURRENCY = YES;
				SWIFT_EMIT_LOC_STRINGS = YES;
				SWIFT_INSTALL_MODULE = YES;
				SWIFT_INSTALL_OBJC_HEADER = NO;
				SWIFT_UPCOMING_FEATURE_MEMBER_IMPORT_VISIBILITY = YES;
				SWIFT_VERSION = 5.0;
			};
			name = Debug;
		};
		051332A03055848B00C902D2 /* Release */ = {
			isa = XCBuildConfiguration;
			buildSettings = {
				BUILD_LIBRARY_FOR_DISTRIBUTION = YES;
				CODE_SIGN_STYLE = Automatic;
				COMBINE_HIDPI_IMAGES = YES;
				CURRENT_PROJECT_VERSION = 1;
				DEVELOPMENT_TEAM = TR2DNF3P93;
				DYLIB_COMPATIBILITY_VERSION = 1;
				DYLIB_CURRENT_VERSION = 1;
				DYLIB_INSTALL_NAME_BASE = "@rpath";
				ENABLE_MODULE_VERIFIER = YES;
				GENERATE_INFOPLIST_FILE = YES;
				INFOPLIST_KEY_NSHumanReadableCopyright = "";
				INSTALL_PATH = "$(HOME)/Library/Frameworks";
				LD_RUNPATH_SEARCH_PATHS = (
					"$(inherited)",
					"@executable_path/../Frameworks",
					"@loader_path/Frameworks",
				);
				MARKETING_VERSION = 1.0;
				MODULE_VERIFIER_SUPPORTED_LANGUAGES = "objective-c objective-c++";
				MODULE_VERIFIER_SUPPORTED_LANGUAGE_STANDARDS = "gnu17 gnu++20";
				PRODUCT_BUNDLE_IDENTIFIER = "com.github.steel-wheels.MultiGraphicsKit.MultiGraphicsKit";
				PRODUCT_NAME = MultiGraphicsKit;
				SKIP_INSTALL = YES;
				STRING_CATALOG_GENERATE_SYMBOLS = YES;
				SWIFT_APPROACHABLE_CONCURRENCY = YES;
				SWIFT_EMIT_LOC_STRINGS = YES;
				SWIFT_INSTALL_MODULE = YES;
				SWIFT_INSTALL_OBJC_HEADER = NO;
				SWIFT_UPCOMING_FEATURE_MEMBER_IMPORT_VISIBILITY = YES;
				SWIFT_VERSION = 5.0;
			};
			name = Release;
		};
		053DBB55305588BB00795D65 /* Debug */ = {
			isa = XCBuildConfiguration;
			buildSettings = {
				CODE_SIGN_STYLE = Automatic;
				DEBUGGING_SYMBOLS = YES;
				DEBUG_INFORMATION_FORMAT = dwarf;
				DEVELOPMENT_TEAM = TR2DNF3P93;
				GCC_GENERATE_DEBUGGING_SYMBOLS = YES;
				GCC_OPTIMIZATION_LEVEL = 0;
				OTHER_CFLAGS = "";
				OTHER_LDFLAGS = "";
				PRODUCT_NAME = "$(TARGET_NAME)";
			};
			name = Debug;
		};
		053DBB56305588BB00795D65 /* Release */ = {
			isa = XCBuildConfiguration;
			buildSettings = {
				CODE_SIGN_STYLE = Automatic;
				DEBUG_INFORMATION_FORMAT = "dwarf-with-dsym";
				DEVELOPMENT_TEAM = TR2DNF3P93;
				OTHER_CFLAGS = "";
				OTHER_LDFLAGS = "";
				PRODUCT_NAME = "$(TARGET_NAME)";
			};
			name = Release;
		};
		053DBB6C30560B5B00795D65 /* Debug */ = {
			isa = XCBuildConfiguration;
			buildSettings = {
				ASSETCATALOG_COMPILER_APPICON_NAME = AppIcon;
				ASSETCATALOG_COMPILER_GLOBAL_ACCENT_COLOR_NAME = AccentColor;
				CODE_SIGN_STYLE = Automatic;
				COMBINE_HIDPI_IMAGES = YES;
				CURRENT_PROJECT_VERSION = 1;
				DEVELOPMENT_TEAM = TR2DNF3P93;
				ENABLE_APP_SANDBOX = YES;
				ENABLE_HARDENED_RUNTIME = YES;
				ENABLE_USER_SELECTED_FILES = readonly;
				GENERATE_INFOPLIST_FILE = YES;
				INFOPLIST_KEY_NSHumanReadableCopyright = "";
				INFOPLIST_KEY_NSMainStoryboardFile = Main;
				INFOPLIST_KEY_NSPrincipalClass = NSApplication;
				LD_RUNPATH_SEARCH_PATHS = (
					"$(inherited)",
					"@executable_path/../Frameworks",
				);
				MARKETING_VERSION = 1.0;
				PRODUCT_BUNDLE_IDENTIFIER = "com.github.steel-wheels.MultiGraphicsKit.Test.DrawTriangle.DrawTriangle";
				PRODUCT_NAME = "$(TARGET_NAME)";
				REGISTER_APP_GROUPS = YES;
				STRING_CATALOG_GENERATE_SYMBOLS = YES;
				SWIFT_APPROACHABLE_CONCURRENCY = YES;
				SWIFT_DEFAULT_ACTOR_ISOLATION = MainActor;
				SWIFT_EMIT_LOC_STRINGS = YES;
				SWIFT_UPCOMING_FEATURE_MEMBER_IMPORT_VISIBILITY = YES;
				SWIFT_VERSION = 5.0;
			};
			name = Debug;
		};
		053DBB6D30560B5B00795D65 /* Release */ = {
			isa = XCBuildConfiguration;
			buildSettings = {
				ASSETCATALOG_COMPILER_APPICON_NAME = AppIcon;
				ASSETCATALOG_COMPILER_GLOBAL_ACCENT_COLOR_NAME = AccentColor;
				CODE_SIGN_STYLE = Automatic;
				COMBINE_HIDPI_IMAGES = YES;
				CURRENT_PROJECT_VERSION = 1;
				DEVELOPMENT_TEAM = TR2DNF3P93;
				ENABLE_APP_SANDBOX = YES;
				ENABLE_HARDENED_RUNTIME = YES;
				ENABLE_USER_SELECTED_FILES = readonly;
				GENERATE_INFOPLIST_FILE = YES;
				INFOPLIST_KEY_NSHumanReadableCopyright = "";
				INFOPLIST_KEY_NSMainStoryboardFile = Main;
				INFOPLIST_KEY_NSPrincipalClass = NSApplication;
				LD_RUNPATH_SEARCH_PATHS = (
					"$(inherited)",
					"@executable_path/../Frameworks",
				);
				MARKETING_VERSION = 1.0;
				PRODUCT_BUNDLE_IDENTIFIER = "com.github.steel-wheels.MultiGraphicsKit.Test.DrawTriangle.DrawTriangle";
				PRODUCT_NAME = "$(TARGET_NAME)";
				REGISTER_APP_GROUPS = YES;
				STRING_CATALOG_GENERATE_SYMBOLS = YES;
				SWIFT_APPROACHABLE_CONCURRENCY = YES;
				SWIFT_DEFAULT_ACTOR_ISOLATION = MainActor;
				SWIFT_EMIT_LOC_STRINGS = YES;
				SWIFT_UPCOMING_FEATURE_MEMBER_IMPORT_VISIBILITY = YES;
				SWIFT_VERSION = 5.0;
			};
			name = Release;
		};
		0576E177305585BA00D12FAE /* Debug */ = {
			isa = XCBuildConfiguration;
			buildSettings = {
				BUILD_LIBRARY_FOR_DISTRIBUTION = YES;
				CODE_SIGN_STYLE = Automatic;
				CURRENT_PROJECT_VERSION = 1;
				DEVELOPMENT_TEAM = TR2DNF3P93;
				DYLIB_COMPATIBILITY_VERSION = 1;
				DYLIB_CURRENT_VERSION = 1;
				DYLIB_INSTALL_NAME_BASE = "@rpath";
				ENABLE_MODULE_VERIFIER = YES;
				GENERATE_INFOPLIST_FILE = YES;
				INFOPLIST_KEY_NSHumanReadableCopyright = "";
				INSTALL_PATH = "$(LOCAL_LIBRARY_DIR)/Frameworks";
				IPHONEOS_DEPLOYMENT_TARGET = 26.5;
				LD_RUNPATH_SEARCH_PATHS = (
					"$(inherited)",
					"@executable_path/Frameworks",
					"@loader_path/Frameworks",
				);
				MARKETING_VERSION = 1.0;
				MODULE_VERIFIER_SUPPORTED_LANGUAGES = "objective-c objective-c++";
				MODULE_VERIFIER_SUPPORTED_LANGUAGE_STANDARDS = "gnu17 gnu++20";
				PRODUCT_BUNDLE_IDENTIFIER = "com.github.steel-wheels.MultiGraphicsKit.iOS.MultiGraphicsKit-iOS";
				PRODUCT_NAME = MultiGraphicsKit;
				SDKROOT = iphoneos;
				SKIP_INSTALL = YES;
				STRING_CATALOG_GENERATE_SYMBOLS = YES;
				SUPPORTED_PLATFORMS = "iphoneos iphonesimulator";
				SUPPORTS_MACCATALYST = NO;
				SUPPORTS_MAC_DESIGNED_FOR_IPHONE_IPAD = NO;
				SUPPORTS_XR_DESIGNED_FOR_IPHONE_IPAD = NO;
				SWIFT_APPROACHABLE_CONCURRENCY = YES;
				SWIFT_EMIT_LOC_STRINGS = YES;
				SWIFT_INSTALL_MODULE = YES;
				SWIFT_INSTALL_OBJC_HEADER = NO;
				SWIFT_UPCOMING_FEATURE_MEMBER_IMPORT_VISIBILITY = YES;
				SWIFT_VERSION = 5.0;
				TARGETED_DEVICE_FAMILY = "1,2";
			};
			name = Debug;
		};
		0576E178305585BA00D12FAE /* Release */ = {
			isa = XCBuildConfiguration;
			buildSettings = {
				BUILD_LIBRARY_FOR_DISTRIBUTION = YES;
				CODE_SIGN_STYLE = Automatic;
				CURRENT_PROJECT_VERSION = 1;
				DEVELOPMENT_TEAM = TR2DNF3P93;
				DYLIB_COMPATIBILITY_VERSION = 1;
				DYLIB_CURRENT_VERSION = 1;
				DYLIB_INSTALL_NAME_BASE = "@rpath";
				ENABLE_MODULE_VERIFIER = YES;
				GENERATE_INFOPLIST_FILE = YES;
				INFOPLIST_KEY_NSHumanReadableCopyright = "";
				INSTALL_PATH = "$(LOCAL_LIBRARY_DIR)/Frameworks";
				IPHONEOS_DEPLOYMENT_TARGET = 26.5;
				LD_RUNPATH_SEARCH_PATHS = (
					"$(inherited)",
					"@executable_path/Frameworks",
					"@loader_path/Frameworks",
				);
				MARKETING_VERSION = 1.0;
				MODULE_VERIFIER_SUPPORTED_LANGUAGES = "objective-c objective-c++";
				MODULE_VERIFIER_SUPPORTED_LANGUAGE_STANDARDS = "gnu17 gnu++20";
				PRODUCT_BUNDLE_IDENTIFIER = "com.github.steel-wheels.MultiGraphicsKit.iOS.MultiGraphicsKit-iOS";
				PRODUCT_NAME = MultiGraphicsKit;
				SDKROOT = iphoneos;
				SKIP_INSTALL = YES;
				STRING_CATALOG_GENERATE_SYMBOLS = YES;
				SUPPORTED_PLATFORMS = "iphoneos iphonesimulator";
				SUPPORTS_MACCATALYST = NO;
				SUPPORTS_MAC_DESIGNED_FOR_IPHONE_IPAD = NO;
				SUPPORTS_XR_DESIGNED_FOR_IPHONE_IPAD = NO;
				SWIFT_APPROACHABLE_CONCURRENCY = YES;
				SWIFT_EMIT_LOC_STRINGS = YES;
				SWIFT_INSTALL_MODULE = YES;
				SWIFT_INSTALL_OBJC_HEADER = NO;
				SWIFT_UPCOMING_FEATURE_MEMBER_IMPORT_VISIBILITY = YES;
				SWIFT_VERSION = 5.0;
				TARGETED_DEVICE_FAMILY = "1,2";
				VALIDATE_PRODUCT = YES;
			};
			name = Release;
		};
/* End XCBuildConfiguration section */

/* Begin XCConfigurationList section */
		0513328F3055848B00C902D2 /* Build configuration list for PBXProject "MultiGraphicsKit" */ = {
			isa = XCConfigurationList;
			buildConfigurations = (
				0513329C3055848B00C902D2 /* Debug */,
				0513329D3055848B00C902D2 /* Release */,
			);
			defaultConfigurationIsVisible = 0;
			defaultConfigurationName = Release;
		};
		0513329E3055848B00C902D2 /* Build configuration list for PBXNativeTarget "MultiGraphicsKit_macOS" */ = {
			isa = XCConfigurationList;
			buildConfigurations = (
				0513329F3055848B00C902D2 /* Debug */,
				051332A03055848B00C902D2 /* Release */,
			);
			defaultConfigurationIsVisible = 0;
			defaultConfigurationName = Release;
		};
		053DBB54305588BB00795D65 /* Build configuration list for PBXLegacyTarget "Install" */ = {
			isa = XCConfigurationList;
			buildConfigurations = (
				053DBB55305588BB00795D65 /* Debug */,
				053DBB56305588BB00795D65 /* Release */,
			);
			defaultConfigurationIsVisible = 0;
			defaultConfigurationName = Release;
		};
		053DBB6B30560B5B00795D65 /* Build configuration list for PBXNativeTarget "DrawTriangle" */ = {
			isa = XCConfigurationList;
			buildConfigurations = (
				053DBB6C30560B5B00795D65 /* Debug */,
				053DBB6D30560B5B00795D65 /* Release */,
			);
			defaultConfigurationIsVisible = 0;
			defaultConfigurationName = Release;
		};
		0576E176305585BA00D12FAE /* Build configuration list for PBXNativeTarget "MultiGraphicsKit_iOS" */ = {
			isa = XCConfigurationList;
			buildConfigurations = (
				0576E177305585BA00D12FAE /* Debug */,
				0576E178305585BA00D12FAE /* Release */,
			);
			defaultConfigurationIsVisible = 0;
			defaultConfigurationName = Release;
		};
/* End XCConfigurationList section */
	};
	rootObject = 0513328C3055848B00C902D2 /* Project object */;
}
